
Microsoft Visual Studio Solution File, Format Version 12.00
# Visual Studio 15
VisualStudioVersion = 15.0.28010.2041
MinimumVisualStudioVersion = 10.0.40219.1
Project("{FAE04EC0-301F-11D3-BF4B-00C04F79EFBC}") = "CustomVisionClient.Android", "CustomVisionClient\CustomVisionClient.Android\CustomVisionClient.Android.csproj", "{D674D8FA-9F58-4CD2-8101-F8E689F6CE77}"
EndProject
Project("{FAE04EC0-301F-11D3-BF4B-00C04F79EFBC}") = "CustomVisionClient.iOS", "CustomVisionClient\CustomVisionClient.iOS\CustomVisionClient.iOS.csproj", "{C180FD48-AFB8-45D5-9CE2-0B9EC4C62C1B}"
EndProject
Project("{FAE04EC0-301F-11D3-BF4B-00C04F79EFBC}") = "CustomVisionClient.UWP", "CustomVisionClient\CustomVisionClient.UWP\CustomVisionClient.UWP.csproj", "{FDA1F201-9174-47E5-BA93-0F4B0CD5BF87}"
EndProject
Project("{FAE04EC0-301F-11D3-BF4B-00C04F79EFBC}") = "CustomVisionClient", "CustomVisionClient\CustomVisionClient\CustomVisionClient.csproj", "{C6D54669-D4A0-4037-BD88-06E383024E73}"
EndProject
Global
	GlobalSection(SolutionConfigurationPlatforms) = preSolution
		Ad-Hoc|Any CPU = Ad-Hoc|Any CPU
		Ad-Hoc|ARM = Ad-Hoc|ARM
		Ad-Hoc|iPhone = Ad-Hoc|iPhone
		Ad-Hoc|iPhoneSimulator = Ad-Hoc|iPhoneSimulator
		Ad-Hoc|x64 = Ad-Hoc|x64
		Ad-Hoc|x86 = Ad-Hoc|x86
		AppStore|Any CPU = AppStore|Any CPU
		AppStore|ARM = AppStore|ARM
		AppStore|iPhone = AppStore|iPhone
		AppStore|iPhoneSimulator = AppStore|iPhoneSimulator
		AppStore|x64 = AppStore|x64
		AppStore|x86 = AppStore|x86
		Debug|Any CPU = Debug|Any CPU
		Debug|ARM = Debug|ARM
		Debug|iPhone = Debug|iPhone
		Debug|iPhoneSimulator = Debug|iPhoneSimulator
		Debug|x64 = Debug|x64
		Debug|x86 = Debug|x86
		Release|Any CPU = Release|Any CPU
		Release|ARM = Release|ARM
		Release|iPhone = Release|iPhone
		Release|iPhoneSimulator = Release|iPhoneSimulator
		Release|x64 = Release|x64
		Release|x86 = Release|x86
	EndGlobalSection
	GlobalSection(ProjectConfigurationPlatforms) = postSolution
		{D674D8FA-9F58-4CD2-8101-F8E689F6CE77}.Ad-Hoc|Any CPU.ActiveCfg = Release|Any CPU
		{D674D8FA-9F58-4CD2-8101-F8E689F6CE77}.Ad-Hoc|Any CPU.Build.0 = Release|Any CPU
		{D674D8FA-9F58-4CD2-8101-F8E689F6CE77}.Ad-Hoc|Any CPU.Deploy.0 = Release|Any CPU
		{D674D8FA-9F58-4CD2-8101-F8E689F6CE77}.Ad-Hoc|ARM.ActiveCfg = Release|Any CPU
		{D674D8FA-9F58-4CD2-8101-F8E689F6CE77}.Ad-Hoc|ARM.Build.0 = Release|Any CPU
		{D674D8FA-9F58-4CD2-8101-F8E689F6CE77}.Ad-Hoc|ARM.Deploy.0 = Release|Any CPU
		{D674D8FA-9F58-4CD2-8101-F8E689F6CE77}.Ad-Hoc|iPhone.ActiveCfg = Release|Any CPU
		{D674D8FA-9F58-4CD2-8101-F8E689F6CE77}.Ad-Hoc|iPhone.Build.0 = Release|Any CPU
		{D674D8FA-9F58-4CD2-8101-F8E689F6CE77}.Ad-Hoc|iPhone.Deploy.0 = Release|Any CPU
		{D674D8FA-9F58-4CD2-8101-F8E689F6CE77}.Ad-Hoc|iPhoneSimulator.ActiveCfg = Release|Any CPU
		{D674D8FA-9F58-4CD2-8101-F8E689F6CE77}.Ad-Hoc|iPhoneSimulator.Build.0 = Release|Any CPU
		{D674D8FA-9F58-4CD2-8101-F8E689F6CE77}.Ad-Hoc|iPhoneSimulator.Deploy.0 = Release|Any CPU
		{D674D8FA-9F58-4CD2-8101-F8E689F6CE77}.Ad-Hoc|x64.ActiveCfg = Release|Any CPU
		{D674D8FA-9F58-4CD2-8101-F8E689F6CE77}.Ad-Hoc|x64.Build.0 = Release|Any CPU
		{D674D8FA-9F58-4CD2-8101-F8E689F6CE77}.Ad-Hoc|x64.Deploy.0 = Release|Any CPU
		{D674D8FA-9F58-4CD2-8101-F8E689F6CE77}.Ad-Hoc|x86.ActiveCfg = Release|Any CPU
		{D674D8FA-9F58-4CD2-8101-F8E689F6CE77}.Ad-Hoc|x86.Build.0 = Release|Any CPU
		{D674D8FA-9F58-4CD2-8101-F8E689F6CE77}.Ad-Hoc|x86.Deploy.0 = Release|Any CPU
		{D674D8FA-9F58-4CD2-8101-F8E689F6CE77}.AppStore|Any CPU.ActiveCfg = Release|Any CPU
		{D674D8FA-9F58-4CD2-8101-F8E689F6CE77}.AppStore|Any CPU.Build.0 = Release|Any CPU
		{D674D8FA-9F58-4CD2-8101-F8E689F6CE77}.AppStore|Any CPU.Deploy.0 = Release|Any CPU
		{D674D8FA-9F58-4CD2-8101-F8E689F6CE77}.AppStore|ARM.ActiveCfg = Release|Any CPU
		{D674D8FA-9F58-4CD2-8101-F8E689F6CE77}.AppStore|ARM.Build.0 = Release|Any CPU
		{D674D8FA-9F58-4CD2-8101-F8E689F6CE77}.AppStore|ARM.Deploy.0 = Release|Any CPU
		{D674D8FA-9F58-4CD2-8101-F8E689F6CE77}.AppStore|iPhone.ActiveCfg = Release|Any CPU
		{D674D8FA-9F58-4CD2-8101-F8E689F6CE77}.AppStore|iPhone.Build.0 = Release|Any CPU
		{D674D8FA-9F58-4CD2-8101-F8E689F6CE77}.AppStore|iPhone.Deploy.0 = Release|Any CPU
		{D674D8FA-9F58-4CD2-8101-F8E689F6CE77}.AppStore|iPhoneSimulator.ActiveCfg = Release|Any CPU
		{D674D8FA-9F58-4CD2-8101-F8E689F6CE77}.AppStore|iPhoneSimulator.Build.0 = Release|Any CPU
		{D674D8FA-9F58-4CD2-8101-F8E689F6CE77}.AppStore|iPhoneSimulator.Deploy.0 = Release|Any CPU
		{D674D8FA-9F58-4CD2-8101-F8E689F6CE77}.AppStore|x64.ActiveCfg = Release|Any CPU
		{D674D8FA-9F58-4CD2-8101-F8E689F6CE77}.AppStore|x64.Build.0 = Release|Any CPU
		{D674D8FA-9F58-4CD2-8101-F8E689F6CE77}.AppStore|x64.Deploy.0 = Release|Any CPU
		{D674D8FA-9F58-4CD2-8101-F8E689F6CE77}.AppStore|x86.ActiveCfg = Release|Any CPU
		{D674D8FA-9F58-4CD2-8101-F8E689F6CE77}.AppStore|x86.Build.0 = Release|Any CPU
		{D674D8FA-9F58-4CD2-8101-F8E689F6CE77}.AppStore|x86.Deploy.0 = Release|Any CPU
		{D674D8FA-9F58-4CD2-8101-F8E689F6CE77}.Debug|Any CPU.ActiveCfg = Debug|Any CPU
		{D674D8FA-9F58-4CD2-8101-F8E689F6CE77}.Debug|Any CPU.Build.0 = Debug|Any CPU
		{D674D8FA-9F58-4CD2-8101-F8E689F6CE77}.Debug|Any CPU.Deploy.0 = Debug|Any CPU
		{D674D8FA-9F58-4CD2-8101-F8E689F6CE77}.Debug|ARM.ActiveCfg = Debug|Any CPU
		{D674D8FA-9F58-4CD2-8101-F8E689F6CE77}.Debug|ARM.Build.0 = Debug|Any CPU
		{D674D8FA-9F58-4CD2-8101-F8E689F6CE77}.Debug|ARM.Deploy.0 = Debug|Any CPU
		{D674D8FA-9F58-4CD2-8101-F8E689F6CE77}.Debug|iPhone.ActiveCfg = Debug|Any CPU
		{D674D8FA-9F58-4CD2-8101-F8E689F6CE77}.Debug|iPhone.Build.0 = Debug|Any CPU
		{D674D8FA-9F58-4CD2-8101-F8E689F6CE77}.Debug|iPhone.Deploy.0 = Debug|Any CPU
		{D674D8FA-9F58-4CD2-8101-F8E689F6CE77}.Debug|iPhoneSimulator.ActiveCfg = Debug|Any CPU
		{D674D8FA-9F58-4CD2-8101-F8E689F6CE77}.Debug|iPhoneSimulator.Build.0 = Debug|Any CPU
		{D674D8FA-9F58-4CD2-8101-F8E689F6CE77}.Debug|iPhoneSimulator.Deploy.0 = Debug|Any CPU
		{D674D8FA-9F58-4CD2-8101-F8E689F6CE77}.Debug|x64.ActiveCfg = Debug|Any CPU
		{D674D8FA-9F58-4CD2-8101-F8E689F6CE77}.Debug|x64.Build.0 = Debug|Any CPU
		{D674D8FA-9F58-4CD2-8101-F8E689F6CE77}.Debug|x64.Deploy.0 = Debug|Any CPU
		{D674D8FA-9F58-4CD2-8101-F8E689F6CE77}.Debug|x86.ActiveCfg = Debug|Any CPU
		{D674D8FA-9F58-4CD2-8101-F8E689F6CE77}.Debug|x86.Build.0 = Debug|Any CPU
		{D674D8FA-9F58-4CD2-8101-F8E689F6CE77}.Debug|x86.Deploy.0 = Debug|Any CPU
		{D674D8FA-9F58-4CD2-8101-F8E689F6CE77}.Release|Any CPU.ActiveCfg = Release|Any CPU
		{D674D8FA-9F58-4CD2-8101-F8E689F6CE77}.Release|Any CPU.Build.0 = Release|Any CPU
		{D674D8FA-9F58-4CD2-8101-F8E689F6CE77}.Release|Any CPU.Deploy.0 = Release|Any CPU
		{D674D8FA-9F58-4CD2-8101-F8E689F6CE77}.Release|ARM.ActiveCfg = Release|Any CPU
		{D674D8FA-9F58-4CD2-8101-F8E689F6CE77}.Release|ARM.Build.0 = Release|Any CPU
		{D674D8FA-9F58-4CD2-8101-F8E689F6CE77}.Release|ARM.Deploy.0 = Release|Any CPU
		{D674D8FA-9F58-4CD2-8101-F8E689F6CE77}.Release|iPhone.ActiveCfg = Release|Any CPU
		{D674D8FA-9F58-4CD2-8101-F8E689F6CE77}.Release|iPhone.Build.0 = Release|Any CPU
		{D674D8FA-9F58-4CD2-8101-F8E689F6CE77}.Release|iPhone.Deploy.0 = Release|Any CPU
		{D674D8FA-9F58-4CD2-8101-F8E689F6CE77}.Release|iPhoneSimulator.ActiveCfg = Release|Any CPU
		{D674D8FA-9F58-4CD2-8101-F8E689F6CE77}.Release|iPhoneSimulator.Build.0 = Release|Any CPU
		{D674D8FA-9F58-4CD2-8101-F8E689F6CE77}.Release|iPhoneSimulator.Deploy.0 = Release|Any CPU
		{D674D8FA-9F58-4CD2-8101-F8E689F6CE77}.Release|x64.ActiveCfg = Release|Any CPU
		{D674D8FA-9F58-4CD2-8101-F8E689F6CE77}.Release|x64.Build.0 = Release|Any CPU
		{D674D8FA-9F58-4CD2-8101-F8E689F6CE77}.Release|x64.Deploy.0 = Release|Any CPU
		{D674D8FA-9F58-4CD2-8101-F8E689F6CE77}.Release|x86.ActiveCfg = Release|Any CPU
		{D674D8FA-9F58-4CD2-8101-F8E689F6CE77}.Release|x86.Build.0 = Release|Any CPU
		{D674D8FA-9F58-4CD2-8101-F8E689F6CE77}.Release|x86.Deploy.0 = Release|Any CPU
		{C180FD48-AFB8-45D5-9CE2-0B9EC4C62C1B}.Ad-Hoc|Any CPU.ActiveCfg = Ad-Hoc|iPhone
		{C180FD48-AFB8-45D5-9CE2-0B9EC4C62C1B}.Ad-Hoc|Any CPU.Build.0 = Ad-Hoc|iPhone
		{C180FD48-AFB8-45D5-9CE2-0B9EC4C62C1B}.Ad-Hoc|Any CPU.Deploy.0 = Ad-Hoc|iPhone
		{C180FD48-AFB8-45D5-9CE2-0B9EC4C62C1B}.Ad-Hoc|ARM.ActiveCfg = Ad-Hoc|iPhone
		{C180FD48-AFB8-45D5-9CE2-0B9EC4C62C1B}.Ad-Hoc|ARM.Build.0 = Ad-Hoc|iPhone
		{C180FD48-AFB8-45D5-9CE2-0B9EC4C62C1B}.Ad-Hoc|ARM.Deploy.0 = Ad-Hoc|iPhone
		{C180FD48-AFB8-45D5-9CE2-0B9EC4C62C1B}.Ad-Hoc|iPhone.ActiveCfg = Ad-Hoc|iPhone
		{C180FD48-AFB8-45D5-9CE2-0B9EC4C62C1B}.Ad-Hoc|iPhone.Build.0 = Ad-Hoc|iPhone
		{C180FD48-AFB8-45D5-9CE2-0B9EC4C62C1B}.Ad-Hoc|iPhone.Deploy.0 = Ad-Hoc|iPhone
		{C180FD48-AFB8-45D5-9CE2-0B9EC4C62C1B}.Ad-Hoc|iPhoneSimulator.ActiveCfg = Ad-Hoc|iPhoneSimulator
		{C180FD48-AFB8-45D5-9CE2-0B9EC4C62C1B}.Ad-Hoc|iPhoneSimulator.Build.0 = Ad-Hoc|iPhoneSimulator
		{C180FD48-AFB8-45D5-9CE2-0B9EC4C62C1B}.Ad-Hoc|iPhoneSimulator.Deploy.0 = Ad-Hoc|iPhoneSimulator
		{C180FD48-AFB8-45D5-9CE2-0B9EC4C62C1B}.Ad-Hoc|x64.ActiveCfg = Ad-Hoc|iPhone
		{C180FD48-AFB8-45D5-9CE2-0B9EC4C62C1B}.Ad-Hoc|x64.Build.0 = Ad-Hoc|iPhone
		{C180FD48-AFB8-45D5-9CE2-0B9EC4C62C1B}.Ad-Hoc|x64.Deploy.0 = Ad-Hoc|iPhone
		{C180FD48-AFB8-45D5-9CE2-0B9EC4C62C1B}.Ad-Hoc|x86.ActiveCfg = Ad-Hoc|iPhone
		{C180FD48-AFB8-45D5-9CE2-0B9EC4C62C1B}.Ad-Hoc|x86.Build.0 = Ad-Hoc|iPhone
		{C180FD48-AFB8-45D5-9CE2-0B9EC4C62C1B}.Ad-Hoc|x86.Deploy.0 = Ad-Hoc|iPhone
		{C180FD48-AFB8-45D5-9CE2-0B9EC4C62C1B}.AppStore|Any CPU.ActiveCfg = AppStore|iPhone
		{C180FD48-AFB8-45D5-9CE2-0B9EC4C62C1B}.AppStore|Any CPU.Build.0 = AppStore|iPhone
		{C180FD48-AFB8-45D5-9CE2-0B9EC4C62C1B}.AppStore|Any CPU.Deploy.0 = AppStore|iPhone
		{C180FD48-AFB8-45D5-9CE2-0B9EC4C62C1B}.AppStore|ARM.ActiveCfg = AppStore|iPhone
		{C180FD48-AFB8-45D5-9CE2-0B9EC4C62C1B}.AppStore|ARM.Build.0 = AppStore|iPhone
		{C180FD48-AFB8-45D5-9CE2-0B9EC4C62C1B}.AppStore|ARM.Deploy.0 = AppStore|iPhone
		{C180FD48-AFB8-45D5-9CE2-0B9EC4C62C1B}.AppStore|iPhone.ActiveCfg = AppStore|iPhone
		{C180FD48-AFB8-45D5-9CE2-0B9EC4C62C1B}.AppStore|iPhone.Build.0 = AppStore|iPhone
		{C180FD48-AFB8-45D5-9CE2-0B9EC4C62C1B}.AppStore|iPhone.Deploy.0 = AppStore|iPhone
		{C180FD48-AFB8-45D5-9CE2-0B9EC4C62C1B}.AppStore|iPhoneSimulator.ActiveCfg = AppStore|iPhoneSimulator
		{C180FD48-AFB8-45D5-9CE2-0B9EC4C62C1B}.AppStore|iPhoneSimulator.Build.0 = AppStore|iPhoneSimulator
		{C180FD48-AFB8-45D5-9CE2-0B9EC4C62C1B}.AppStore|iPhoneSimulator.Deploy.0 = AppStore|iPhoneSimulator
		{C180FD48-AFB8-45D5-9CE2-0B9EC4C62C1B}.AppStore|x64.ActiveCfg = AppStore|iPhone
		{C180FD48-AFB8-45D5-9CE2-0B9EC4C62C1B}.AppStore|x64.Build.0 = AppStore|iPhone
		{C180FD48-AFB8-45D5-9CE2-0B9EC4C62C1B}.AppStore|x64.Deploy.0 = AppStore|iPhone
		{C180FD48-AFB8-45D5-9CE2-0B9EC4C62C1B}.AppStore|x86.ActiveCfg = AppStore|iPhone
		{C180FD48-AFB8-45D5-9CE2-0B9EC4C62C1B}.AppStore|x86.Build.0 = AppStore|iPhone
		{C180FD48-AFB8-45D5-9CE2-0B9EC4C62C1B}.AppStore|x86.Deploy.0 = AppStore|iPhone
		{C180FD48-AFB8-45D5-9CE2-0B9EC4C62C1B}.Debug|Any CPU.ActiveCfg = Debug|iPhoneSimulator
		{C180FD48-AFB8-45D5-9CE2-0B9EC4C62C1B}.Debug|Any CPU.Build.0 = Debug|iPhoneSimulator
		{C180FD48-AFB8-45D5-9CE2-0B9EC4C62C1B}.Debug|Any CPU.Deploy.0 = Debug|iPhoneSimulator
		{C180FD48-AFB8-45D5-9CE2-0B9EC4C62C1B}.Debug|ARM.ActiveCfg = Debug|iPhone
		{C180FD48-AFB8-45D5-9CE2-0B9EC4C62C1B}.Debug|ARM.Build.0 = Debug|iPhone
		{C180FD48-AFB8-45D5-9CE2-0B9EC4C62C1B}.Debug|ARM.Deploy.0 = Debug|iPhone
		{C180FD48-AFB8-45D5-9CE2-0B9EC4C62C1B}.Debug|iPhone.ActiveCfg = Debug|iPhone
		{C180FD48-AFB8-45D5-9CE2-0B9EC4C62C1B}.Debug|iPhone.Build.0 = Debug|iPhone
		{C180FD48-AFB8-45D5-9CE2-0B9EC4C62C1B}.Debug|iPhone.Deploy.0 = Debug|iPhone
		{C180FD48-AFB8-45D5-9CE2-0B9EC4C62C1B}.Debug|iPhoneSimulator.ActiveCfg = Debug|iPhoneSimulator
		{C180FD48-AFB8-45D5-9CE2-0B9EC4C62C1B}.Debug|iPhoneSimulator.Build.0 = Debug|iPhoneSimulator
		{C180FD48-AFB8-45D5-9CE2-0B9EC4C62C1B}.Debug|iPhoneSimulator.Deploy.0 = Debug|iPhoneSimulator
		{C180FD48-AFB8-45D5-9CE2-0B9EC4C62C1B}.Debug|x64.ActiveCfg = Debug|iPhone
		{C180FD48-AFB8-45D5-9CE2-0B9EC4C62C1B}.Debug|x64.Build.0 = Debug|iPhone
		{C180FD48-AFB8-45D5-9CE2-0B9EC4C62C1B}.Debug|x64.Deploy.0 = Debug|iPhone
		{C180FD48-AFB8-45D5-9CE2-0B9EC4C62C1B}.Debug|x86.ActiveCfg = Debug|iPhone
		{C180FD48-AFB8-45D5-9CE2-0B9EC4C62C1B}.Debug|x86.Build.0 = Debug|iPhone
		{C180FD48-AFB8-45D5-9CE2-0B9EC4C62C1B}.Debug|x86.Deploy.0 = Debug|iPhone
		{C180FD48-AFB8-45D5-9CE2-0B9EC4C62C1B}.Release|Any CPU.ActiveCfg = Release|iPhone
		{C180FD48-AFB8-45D5-9CE2-0B9EC4C62C1B}.Release|Any CPU.Build.0 = Release|iPhone
		{C180FD48-AFB8-45D5-9CE2-0B9EC4C62C1B}.Release|Any CPU.Deploy.0 = Release|iPhone
		{C180FD48-AFB8-45D5-9CE2-0B9EC4C62C1B}.Release|ARM.ActiveCfg = Release|iPhone
		{C180FD48-AFB8-45D5-9CE2-0B9EC4C62C1B}.Release|ARM.Build.0 = Release|iPhone
		{C180FD48-AFB8-45D5-9CE2-0B9EC4C62C1B}.Release|ARM.Deploy.0 = Release|iPhone
		{C180FD48-AFB8-45D5-9CE2-0B9EC4C62C1B}.Release|iPhone.ActiveCfg = Release|iPhone
		{C180FD48-AFB8-45D5-9CE2-0B9EC4C62C1B}.Release|iPhone.Build.0 = Release|iPhone
		{C180FD48-AFB8-45D5-9CE2-0B9EC4C62C1B}.Release|iPhone.Deploy.0 = Release|iPhone
		{C180FD48-AFB8-45D5-9CE2-0B9EC4C62C1B}.Release|iPhoneSimulator.ActiveCfg = Release|iPhoneSimulator
		{C180FD48-AFB8-45D5-9CE2-0B9EC4C62C1B}.Release|iPhoneSimulator.Build.0 = Release|iPhoneSimulator
		{C180FD48-AFB8-45D5-9CE2-0B9EC4C62C1B}.Release|iPhoneSimulator.Deploy.0 = Release|iPhoneSimulator
		{C180FD48-AFB8-45D5-9CE2-0B9EC4C62C1B}.Release|x64.ActiveCfg = Release|iPhone
		{C180FD48-AFB8-45D5-9CE2-0B9EC4C62C1B}.Release|x64.Build.0 = Release|iPhone
		{C180FD48-AFB8-45D5-9CE2-0B9EC4C62C1B}.Release|x64.Deploy.0 = Release|iPhone
		{C180FD48-AFB8-45D5-9CE2-0B9EC4C62C1B}.Release|x86.ActiveCfg = Release|iPhone
		{C180FD48-AFB8-45D5-9CE2-0B9EC4C62C1B}.Release|x86.Build.0 = Release|iPhone
		{C180FD48-AFB8-45D5-9CE2-0B9EC4C62C1B}.Release|x86.Deploy.0 = Release|iPhone
		{FDA1F201-9174-47E5-BA93-0F4B0CD5BF87}.Ad-Hoc|Any CPU.ActiveCfg = Release|x86
		{FDA1F201-9174-47E5-BA93-0F4B0CD5BF87}.Ad-Hoc|Any CPU.Build.0 = Release|x86
		{FDA1F201-9174-47E5-BA93-0F4B0CD5BF87}.Ad-Hoc|Any CPU.Deploy.0 = Release|x86
		{FDA1F201-9174-47E5-BA93-0F4B0CD5BF87}.Ad-Hoc|ARM.ActiveCfg = Release|ARM
		{FDA1F201-9174-47E5-BA93-0F4B0CD5BF87}.Ad-Hoc|ARM.Build.0 = Release|ARM
		{FDA1F201-9174-47E5-BA93-0F4B0CD5BF87}.Ad-Hoc|ARM.Deploy.0 = Release|ARM
		{FDA1F201-9174-47E5-BA93-0F4B0CD5BF87}.Ad-Hoc|iPhone.ActiveCfg = Release|x86
		{FDA1F201-9174-47E5-BA93-0F4B0CD5BF87}.Ad-Hoc|iPhone.Build.0 = Release|x86
		{FDA1F201-9174-47E5-BA93-0F4B0CD5BF87}.Ad-Hoc|iPhone.Deploy.0 = Release|x86
		{FDA1F201-9174-47E5-BA93-0F4B0CD5BF87}.Ad-Hoc|iPhoneSimulator.ActiveCfg = Release|x86
		{FDA1F201-9174-47E5-BA93-0F4B0CD5BF87}.Ad-Hoc|iPhoneSimulator.Build.0 = Release|x86
		{FDA1F201-9174-47E5-BA93-0F4B0CD5BF87}.Ad-Hoc|iPhoneSimulator.Deploy.0 = Release|x86
		{FDA1F201-9174-47E5-BA93-0F4B0CD5BF87}.Ad-Hoc|x64.ActiveCfg = Release|x64
		{FDA1F201-9174-47E5-BA93-0F4B0CD5BF87}.Ad-Hoc|x64.Build.0 = Release|x64
		{FDA1F201-9174-47E5-BA93-0F4B0CD5BF87}.Ad-Hoc|x64.Deploy.0 = Release|x64
		{FDA1F201-9174-47E5-BA93-0F4B0CD5BF87}.Ad-Hoc|x86.ActiveCfg = Release|x86
		{FDA1F201-9174-47E5-BA93-0F4B0CD5BF87}.Ad-Hoc|x86.Build.0 = Release|x86
		{FDA1F201-9174-47E5-BA93-0F4B0CD5BF87}.Ad-Hoc|x86.Deploy.0 = Release|x86
		{FDA1F201-9174-47E5-BA93-0F4B0CD5BF87}.AppStore|Any CPU.ActiveCfg = Release|x86
		{FDA1F201-9174-47E5-BA93-0F4B0CD5BF87}.AppStore|Any CPU.Build.0 = Release|x86
		{FDA1F201-9174-47E5-BA93-0F4B0CD5BF87}.AppStore|Any CPU.Deploy.0 = Release|x86
		{FDA1F201-9174-47E5-BA93-0F4B0CD5BF87}.AppStore|ARM.ActiveCfg = Release|ARM
		{FDA1F201-9174-47E5-BA93-0F4B0CD5BF87}.AppStore|ARM.Build.0 = Release|ARM
		{FDA1F201-9174-47E5-BA93-0F4B0CD5BF87}.AppStore|ARM.Deploy.0 = Release|ARM
		{FDA1F201-9174-47E5-BA93-0F4B0CD5BF87}.AppStore|iPhone.ActiveCfg = Release|x86
		{FDA1F201-9174-47E5-BA93-0F4B0CD5BF87}.AppStore|iPhone.Build.0 = Release|x86
		{FDA1F201-9174-47E5-BA93-0F4B0CD5BF87}.AppStore|iPhone.Deploy.0 = Release|x86
		{FDA1F201-9174-47E5-BA93-0F4B0CD5BF87}.AppStore|iPhoneSimulator.ActiveCfg = Release|x86
		{FDA1F201-9174-47E5-BA93-0F4B0CD5BF87}.AppStore|iPhoneSimulator.Build.0 = Release|x86
		{FDA1F201-9174-47E5-BA93-0F4B0CD5BF87}.AppStore|iPhoneSimulator.Deploy.0 = Release|x86
		{FDA1F201-9174-47E5-BA93-0F4B0CD5BF87}.AppStore|x64.ActiveCfg = Release|x64
		{FDA1F201-9174-47E5-BA93-0F4B0CD5BF87}.AppStore|x64.Build.0 = Release|x64
		{FDA1F201-9174-47E5-BA93-0F4B0CD5BF87}.AppStore|x64.Deploy.0 = Release|x64
		{FDA1F201-9174-47E5-BA93-0F4B0CD5BF87}.AppStore|x86.ActiveCfg = Release|x86
		{FDA1F201-9174-47E5-BA93-0F4B0CD5BF87}.AppStore|x86.Build.0 = Release|x86
		{FDA1F201-9174-47E5-BA93-0F4B0CD5BF87}.AppStore|x86.Deploy.0 = Release|x86
		{FDA1F201-9174-47E5-BA93-0F4B0CD5BF87}.Debug|Any CPU.ActiveCfg = Debug|x86
		{FDA1F201-9174-47E5-BA93-0F4B0CD5BF87}.Debug|Any CPU.Build.0 = Debug|x86
		{FDA1F201-9174-47E5-BA93-0F4B0CD5BF87}.Debug|Any CPU.Deploy.0 = Debug|x86
		{FDA1F201-9174-47E5-BA93-0F4B0CD5BF87}.Debug|ARM.ActiveCfg = Debug|ARM
		{FDA1F201-9174-47E5-BA93-0F4B0CD5BF87}.Debug|ARM.Build.0 = Debug|ARM
		{FDA1F201-9174-47E5-BA93-0F4B0CD5BF87}.Debug|ARM.Deploy.0 = Debug|ARM
		{FDA1F201-9174-47E5-BA93-0F4B0CD5BF87}.Debug|iPhone.ActiveCfg = Debug|x86
		{FDA1F201-9174-47E5-BA93-0F4B0CD5BF87}.Debug|iPhone.Build.0 = Debug|x86
		{FDA1F201-9174-47E5-BA93-0F4B0CD5BF87}.Debug|iPhone.Deploy.0 = Debug|x86
		{FDA1F201-9174-47E5-BA93-0F4B0CD5BF87}.Debug|iPhoneSimulator.ActiveCfg = Debug|x86
		{FDA1F201-9174-47E5-BA93-0F4B0CD5BF87}.Debug|iPhoneSimulator.Build.0 = Debug|x86
		{FDA1F201-9174-47E5-BA93-0F4B0CD5BF87}.Debug|iPhoneSimulator.Deploy.0 = Debug|x86
		{FDA1F201-9174-47E5-BA93-0F4B0CD5BF87}.Debug|x64.ActiveCfg = Debug|x64
		{FDA1F201-9174-47E5-BA93-0F4B0CD5BF87}.Debug|x64.Build.0 = Debug|x64
		{FDA1F201-9174-47E5-BA93-0F4B0CD5BF87}.Debug|x64.Deploy.0 = Debug|x64
		{FDA1F201-9174-47E5-BA93-0F4B0CD5BF87}.Debug|x86.ActiveCfg = Debug|x86
		{FDA1F201-9174-47E5-BA93-0F4B0CD5BF87}.Debug|x86.Build.0 = Debug|x86
		{FDA1F201-9174-47E5-BA93-0F4B0CD5BF87}.Debug|x86.Deploy.0 = Debug|x86
		{FDA1F201-9174-47E5-BA93-0F4B0CD5BF87}.Release|Any CPU.ActiveCfg = Release|x86
		{FDA1F201-9174-47E5-BA93-0F4B0CD5BF87}.Release|Any CPU.Build.0 = Release|x86
		{FDA1F201-9174-47E5-BA93-0F4B0CD5BF87}.Release|Any CPU.Deploy.0 = Release|x86
		{FDA1F201-9174-47E5-BA93-0F4B0CD5BF87}.Release|ARM.ActiveCfg = Release|ARM
		{FDA1F201-9174-47E5-BA93-0F4B0CD5BF87}.Release|ARM.Build.0 = Release|ARM
		{FDA1F201-9174-47E5-BA93-0F4B0CD5BF87}.Release|ARM.Deploy.0 = Release|ARM
		{FDA1F201-9174-47E5-BA93-0F4B0CD5BF87}.Release|iPhone.ActiveCfg = Release|x86
		{FDA1F201-9174-47E5-BA93-0F4B0CD5BF87}.Release|iPhone.Build.0 = Release|x86
		{FDA1F201-9174-47E5-BA93-0F4B0CD5BF87}.Release|iPhone.Deploy.0 = Release|x86
		{FDA1F201-9174-47E5-BA93-0F4B0CD5BF87}.Release|iPhoneSimulator.ActiveCfg = Release|x86
		{FDA1F201-9174-47E5-BA93-0F4B0CD5BF87}.Release|iPhoneSimulator.Build.0 = Release|x86
		{FDA1F201-9174-47E5-BA93-0F4B0CD5BF87}.Release|iPhoneSimulator.Deploy.0 = Release|x86
		{FDA1F201-9174-47E5-BA93-0F4B0CD5BF87}.Release|x64.ActiveCfg = Release|x64
		{FDA1F201-9174-47E5-BA93-0F4B0CD5BF87}.Release|x64.Build.0 = Release|x64
		{FDA1F201-9174-47E5-BA93-0F4B0CD5BF87}.Release|x64.Deploy.0 = Release|x64
		{FDA1F201-9174-47E5-BA93-0F4B0CD5BF87}.Release|x86.ActiveCfg = Release|x86
		{FDA1F201-9174-47E5-BA93-0F4B0CD5BF87}.Release|x86.Build.0 = Release|x86
		{FDA1F201-9174-47E5-BA93-0F4B0CD5BF87}.Release|x86.Deploy.0 = Release|x86
		{C6D54669-D4A0-4037-BD88-06E383024E73}.Ad-Hoc|Any CPU.ActiveCfg = Debug|Any CPU
		{C6D54669-D4A0-4037-BD88-06E383024E73}.Ad-Hoc|Any CPU.Build.0 = Debug|Any CPU
		{C6D54669-D4A0-4037-BD88-06E383024E73}.Ad-Hoc|Any CPU.Deploy.0 = Debug|Any CPU
		{C6D54669-D4A0-4037-BD88-06E383024E73}.Ad-Hoc|ARM.ActiveCfg = Debug|Any CPU
		{C6D54669-D4A0-4037-BD88-06E383024E73}.Ad-Hoc|ARM.Build.0 = Debug|Any CPU
		{C6D54669-D4A0-4037-BD88-06E383024E73}.Ad-Hoc|ARM.Deploy.0 = Debug|Any CPU
		{C6D54669-D4A0-4037-BD88-06E383024E73}.Ad-Hoc|iPhone.ActiveCfg = Debug|Any CPU
		{C6D54669-D4A0-4037-BD88-06E383024E73}.Ad-Hoc|iPhone.Build.0 = Debug|Any CPU
		{C6D54669-D4A0-4037-BD88-06E383024E73}.Ad-Hoc|iPhone.Deploy.0 = Debug|Any CPU
		{C6D54669-D4A0-4037-BD88-06E383024E73}.Ad-Hoc|iPhoneSimulator.ActiveCfg = Debug|Any CPU
		{C6D54669-D4A0-4037-BD88-06E383024E73}.Ad-Hoc|iPhoneSimulator.Build.0 = Debug|Any CPU
		{C6D54669-D4A0-4037-BD88-06E383024E73}.Ad-Hoc|iPhoneSimulator.Deploy.0 = Debug|Any CPU
		{C6D54669-D4A0-4037-BD88-06E383024E73}.Ad-Hoc|x64.ActiveCfg = Debug|Any CPU
		{C6D54669-D4A0-4037-BD88-06E383024E73}.Ad-Hoc|x64.Build.0 = Debug|Any CPU
		{C6D54669-D4A0-4037-BD88-06E383024E73}.Ad-Hoc|x64.Deploy.0 = Debug|Any CPU
		{C6D54669-D4A0-4037-BD88-06E383024E73}.Ad-Hoc|x86.ActiveCfg = Debug|Any CPU
		{C6D54669-D4A0-4037-BD88-06E383024E73}.Ad-Hoc|x86.Build.0 = Debug|Any CPU
		{C6D54669-D4A0-4037-BD88-06E383024E73}.Ad-Hoc|x86.Deploy.0 = Debug|Any CPU
		{C6D54669-D4A0-4037-BD88-06E383024E73}.AppStore|Any CPU.ActiveCfg = Debug|Any CPU
		{C6D54669-D4A0-4037-BD88-06E383024E73}.AppStore|Any CPU.Build.0 = Debug|Any CPU
		{C6D54669-D4A0-4037-BD88-06E383024E73}.AppStore|Any CPU.Deploy.0 = Debug|Any CPU
		{C6D54669-D4A0-4037-BD88-06E383024E73}.AppStore|ARM.ActiveCfg = Debug|Any CPU
		{C6D54669-D4A0-4037-BD88-06E383024E73}.AppStore|ARM.Build.0 = Debug|Any CPU
		{C6D54669-D4A0-4037-BD88-06E383024E73}.AppStore|ARM.Deploy.0 = Debug|Any CPU
		{C6D54669-D4A0-4037-BD88-06E383024E73}.AppStore|iPhone.ActiveCfg = Debug|Any CPU
		{C6D54669-D4A0-4037-BD88-06E383024E73}.AppStore|iPhone.Build.0 = Debug|Any CPU
		{C6D54669-D4A0-4037-BD88-06E383024E73}.AppStore|iPhone.Deploy.0 = Debug|Any CPU
		{C6D54669-D4A0-4037-BD88-06E383024E73}.AppStore|iPhoneSimulator.ActiveCfg = Debug|Any CPU
		{C6D54669-D4A0-4037-BD88-06E383024E73}.AppStore|iPhoneSimulator.Build.0 = Debug|Any CPU
		{C6D54669-D4A0-4037-BD88-06E383024E73}.AppStore|iPhoneSimulator.Deploy.0 = Debug|Any CPU
		{C6D54669-D4A0-4037-BD88-06E383024E73}.AppStore|x64.ActiveCfg = Debug|Any CPU
		{C6D54669-D4A0-4037-BD88-06E383024E73}.AppStore|x64.Build.0 = Debug|Any CPU
		{C6D54669-D4A0-4037-BD88-06E383024E73}.AppStore|x64.Deploy.0 = Debug|Any CPU
		{C6D54669-D4A0-4037-BD88-06E383024E73}.AppStore|x86.ActiveCfg = Debug|Any CPU
		{C6D54669-D4A0-4037-BD88-06E383024E73}.AppStore|x86.Build.0 = Debug|Any CPU
		{C6D54669-D4A0-4037-BD88-06E383024E73}.AppStore|x86.Deploy.0 = Debug|Any CPU
		{C6D54669-D4A0-4037-BD88-06E383024E73}.Debug|Any CPU.ActiveCfg = Debug|Any CPU
		{C6D54669-D4A0-4037-BD88-06E383024E73}.Debug|Any CPU.Build.0 = Debug|Any CPU
		{C6D54669-D4A0-4037-BD88-06E383024E73}.Debug|Any CPU.Deploy.0 = Debug|Any CPU
		{C6D54669-D4A0-4037-BD88-06E383024E73}.Debug|ARM.ActiveCfg = Debug|Any CPU
		{C6D54669-D4A0-4037-BD88-06E383024E73}.Debug|ARM.Build.0 = Debug|Any CPU
		{C6D54669-D4A0-4037-BD88-06E383024E73}.Debug|ARM.Deploy.0 = Debug|Any CPU
		{C6D54669-D4A0-4037-BD88-06E383024E73}.Debug|iPhone.ActiveCfg = Debug|Any CPU
		{C6D54669-D4A0-4037-BD88-06E383024E73}.Debug|iPhone.Build.0 = Debug|Any CPU
		{C6D54669-D4A0-4037-BD88-06E383024E73}.Debug|iPhone.Deploy.0 = Debug|Any CPU
		{C6D54669-D4A0-4037-BD88-06E383024E73}.Debug|iPhoneSimulator.ActiveCfg = Debug|Any CPU
		{C6D54669-D4A0-4037-BD88-06E383024E73}.Debug|iPhoneSimulator.Build.0 = Debug|Any CPU
		{C6D54669-D4A0-4037-BD88-06E383024E73}.Debug|iPhoneSimulator.Deploy.0 = Debug|Any CPU
		{C6D54669-D4A0-4037-BD88-06E383024E73}.Debug|x64.ActiveCfg = Debug|Any CPU
		{C6D54669-D4A0-4037-BD88-06E383024E73}.Debug|x64.Build.0 = Debug|Any CPU
		{C6D54669-D4A0-4037-BD88-06E383024E73}.Debug|x64.Deploy.0 = Debug|Any CPU
		{C6D54669-D4A0-4037-BD88-06E383024E73}.Debug|x86.ActiveCfg = Debug|Any CPU
		{C6D54669-D4A0-4037-BD88-06E383024E73}.Debug|x86.Build.0 = Debug|Any CPU
		{C6D54669-D4A0-4037-BD88-06E383024E73}.Debug|x86.Deploy.0 = Debug|Any CPU
		{C6D54669-D4A0-4037-BD88-06E383024E73}.Release|Any CPU.ActiveCfg = Release|Any CPU
		{C6D54669-D4A0-4037-BD88-06E383024E73}.Release|Any CPU.Build.0 = Release|Any CPU
		{C6D54669-D4A0-4037-BD88-06E383024E73}.Release|Any CPU.Deploy.0 = Release|Any CPU
		{C6D54669-D4A0-4037-BD88-06E383024E73}.Release|ARM.ActiveCfg = Release|Any CPU
		{C6D54669-D4A0-4037-BD88-06E383024E73}.Release|ARM.Build.0 = Release|Any CPU
		{C6D54669-D4A0-4037-BD88-06E383024E73}.Release|ARM.Deploy.0 = Release|Any CPU
		{C6D54669-D4A0-4037-BD88-06E383024E73}.Release|iPhone.ActiveCfg = Release|Any CPU
		{C6D54669-D4A0-4037-BD88-06E383024E73}.Release|iPhone.Build.0 = Release|Any CPU
		{C6D54669-D4A0-4037-BD88-06E383024E73}.Release|iPhone.Deploy.0 = Release|Any CPU
		{C6D54669-D4A0-4037-BD88-06E383024E73}.Release|iPhoneSimulator.ActiveCfg = Release|Any CPU
		{C6D54669-D4A0-4037-BD88-06E383024E73}.Release|iPhoneSimulator.Build.0 = Release|Any CPU
		{C6D54669-D4A0-4037-BD88-06E383024E73}.Release|iPhoneSimulator.Deploy.0 = Release|Any CPU
		{C6D54669-D4A0-4037-BD88-06E383024E73}.Release|x64.ActiveCfg = Release|Any CPU
		{C6D54669-D4A0-4037-BD88-06E383024E73}.Release|x64.Build.0 = Release|Any CPU
		{C6D54669-D4A0-4037-BD88-06E383024E73}.Release|x64.Deploy.0 = Release|Any CPU
		{C6D54669-D4A0-4037-BD88-06E383024E73}.Release|x86.ActiveCfg = Release|Any CPU
		{C6D54669-D4A0-4037-BD88-06E383024E73}.Release|x86.Build.0 = Release|Any CPU
		{C6D54669-D4A0-4037-BD88-06E383024E73}.Release|x86.Deploy.0 = Release|Any CPU
	EndGlobalSection
	GlobalSection(SolutionProperties) = preSolution
		HideSolutionNode = FALSE
	EndGlobalSection
	GlobalSection(ExtensibilityGlobals) = postSolution
		SolutionGuid = {833637C1-2157-45FF-9C0B-61CE472F06F3}
	EndGlobalSection
EndGlobal
